lib/crystalline.rb
lib/crystalline/metadata_fields.rb
lib/crystalline/t.rb
lib/crystalline/utils.rb
docs/models/shared/balanceupdate.md
docs/models/shared/security.md
docs/models/shared/authenticationstatusresponse.md
docs/models/operations/getauthenticationstatusresponse.md
docs/models/shared/devicetype.md
docs/models/shared/check.md
docs/models/operations/type.md
docs/models/shared/authenticationstatusresponsedevicetype.md
lib/ding_sdk/models/shared/authenticationstatusresponse_device_type.rb
lib/ding_sdk/models/shared/authenticationstatusresponse_status.rb
lib/ding_sdk/models/shared/lookupresponse.rb
docs/models/errors/code.md
docs/models/operations/feedbackresponse.md
docs/models/operations/lookupresponse.md
lib/ding_sdk/sdk_hooks/hooks.rb
docs/models/shared/feedbackrequeststatus.md
docs/models/operations/getauthenticationstatusrequest.md
lib/ding_sdk/models/shared/attempt.rb
lib/ding_sdk/models/operations/lookup_response.rb
docs/models/operations/retryresponse.md
lib/ding_sdk/models/errors/errorresponse.rb
docs/models/shared/linetype.md
lib/ding_sdk/models/shared/balance_update.rb
lib/ding_sdk/otp.rb
lib/ding_sdk/models/operations/check_response.rb
lib/ding_sdk/models/operations/getauthenticationstatus_request.rb
docs/models/shared/feedbackresponse.md
docs/models/shared/retryauthenticationresponse.md
docs/models/shared/signals.md
lib/ding_sdk/models/operations.rb
lib/ding_sdk/sdk_hooks/types.rb
docs/models/errors/errorresponse.md
lib/ding_sdk/models/shared/line_type.rb
lib/ding_sdk/models/operations/feedback_response.rb
docs/models/shared/retryauthenticationrequest.md
docs/models/shared/authenticationstatusresponseschemasstatus.md
docs/models/operations/checkresponse.md
docs/models/operations/lookuprequest.md
lib/ding_sdk/models/shared/authenticationstatusresponse_schemas_type.rb
docs/models/operations/createauthenticationresponse.md
lib/ding_sdk/models/shared/authenticationstatusresponse_schemas_events_type.rb
lib/ding_sdk/models/shared/feedbackrequest.rb
lib/ding_sdk/models/shared/authenticationstatusresponse_type.rb
lib/ding_sdk/lookup.rb
docs/models/shared/createauthenticationresponse.md
docs/models/shared/capability.md
lib/ding_sdk/models/shared/authenticationstatusresponse.rb
lib/ding_sdk/models/shared/createcheckrequest.rb
docs/models/shared/events.md
docs/models/shared/attempt.md
lib/ding_sdk/models/shared/balance_update_type.rb
docs/models/shared/retryauthenticationresponsestatus.md
docs/models/shared/lookupresponse.md
lib/ding_sdk/models/errors.rb
docs/models/shared/authenticationstatusresponseschemastype.md
lib/ding_sdk/models/shared/check.rb
lib/ding_sdk/models/shared/retryauthenticationresponse_status.rb
lib/ding_sdk/models/operations/lookup_request.rb
lib/ding_sdk/models/shared/retryauthenticationrequest.rb
lib/ding_sdk/models/errors/code.rb
docs/models/shared/authenticationstatusresponsetype.md
lib/ding_sdk/models/shared/createauthenticationrequest.rb
lib/ding_sdk/models/shared/signals.rb
lib/ding_sdk/sdkconfiguration.rb
lib/ding_sdk/models/operations/create_authentication_response.rb
lib/ding_sdk/models/shared/retryauthenticationresponse.rb
docs/models/shared/status.md
USAGE.md
lib/ding_sdk/ding.rb
lib/ding_sdk/models/shared/authenticationstatusresponse_schemas_status.rb
docs/models/shared/createcheckrequest.md
docs/models/shared/authenticationstatusresponsestatus.md
lib/ding_sdk/models/shared/status.rb
lib/ding_sdk/models/shared/feedbackrequest_status.rb
docs/models/shared/checkstatus.md
docs/models/shared/feedbackrequest.md
lib/ding_sdk/models/operations/getauthenticationstatus_response.rb
lib/ding_sdk/models/operations/retry_response.rb
docs/models/shared/type.md
lib/ding_sdk/models/shared/createcheckresponse.rb
lib/ding_sdk/models/shared/events.rb
lib/ding_sdk/models/operations/type.rb
lib/ding_sdk/models/shared.rb
docs/models/shared/createauthenticationrequest.md
.rubocop.yml
Gemfile
Gemfile.lock
Rakefile
lib/ding_sdk/utils/retries.rb
lib/ding_sdk/utils/utils.rb
sorbet/config
sorbet/rbi/annotations/.gitattributes
sorbet/rbi/gems/.gitattributes
sorbet/tapioca/config.yml
sorbet/tapioca/require.rb
ding_sdk.gemspec
lib/ding_sdk/models/errors/apierror.rb
lib/ding_sdk/models/shared/delivery_status.rb
lib/ding_sdk/models/shared/createauthenticationresponse.rb
lib/ding_sdk/models/shared/device_type.rb
lib/ding_sdk.rb
docs/models/shared/deliverystatus.md
docs/sdks/ding/README.md
docs/models/shared/balanceupdatetype.md
docs/models/shared/createcheckresponse.md
docs/sdks/lookup/README.md
docs/sdks/otp/README.md
