speakeasyVersion: 1.513.4
sources:
    my-source:
        sourceNamespace: my-source
        sourceRevisionDigest: sha256:2308301a323b45b07526568591aea4b9fbff8af24c230b9cd6903da4971930c2
        sourceBlobDigest: sha256:f7272f9ebff9082fa0c9f834d73f91cdc05a4fee0f66f43e24cf6ac124a12198
        tags:
            - latest
            - speakeasy-sdk-regen-1741565841
            - 1.0.0
targets:
    ding_sdk:
        source: my-source
        sourceNamespace: my-source
        sourceRevisionDigest: sha256:2308301a323b45b07526568591aea4b9fbff8af24c230b9cd6903da4971930c2
        sourceBlobDigest: sha256:f7272f9ebff9082fa0c9f834d73f91cdc05a4fee0f66f43e24cf6ac124a12198
        codeSamplesNamespace: my-source-ruby-code-samples
        codeSamplesRevisionDigest: sha256:5cfb6554d6d9fc0dceebcc515a19562f6d0480f2808e0c40ed8fd0af481c7549
workflow:
    workflowVersion: 1.0.0
    speakeasyVersion: latest
    sources:
        my-source:
            inputs:
                - location: https://raw.githubusercontent.com/ding-live/openapi/main/ding.yaml
            registry:
                location: registry.speakeasyapi.dev/ding/ding/my-source
    targets:
        ding_sdk:
            target: ruby
            source: my-source
            publish:
                rubygems:
                    token: $RUBYGEMS_AUTH_TOKEN
            codeSamples:
                registry:
                    location: registry.speakeasyapi.dev/ding/ding/my-source-ruby-code-samples
                blocking: false
