speakeasyVersion: 1.423.5
sources:
    my-source:
        sourceNamespace: my-source
        sourceRevisionDigest: sha256:fc6080e7c19063d6c63260fa03f705a9a4f7fd4f139a9841a322a4ed8fb2244c
        sourceBlobDigest: sha256:323bc59bcca5ee8f29fae0166ebe1eca5b054a01c0d1339e7d698ed6ca59e11e
        tags:
            - latest
            - main
targets:
    ding_sdk:
        source: my-source
        sourceNamespace: my-source
        sourceRevisionDigest: sha256:fc6080e7c19063d6c63260fa03f705a9a4f7fd4f139a9841a322a4ed8fb2244c
        sourceBlobDigest: sha256:323bc59bcca5ee8f29fae0166ebe1eca5b054a01c0d1339e7d698ed6ca59e11e
        codeSamplesNamespace: my-source-code-samples
        codeSamplesRevisionDigest: sha256:e7e36c562cfecc9aa482e60c9a7eb0c523c9e22f21ea179055f91dc5ffe50d1b
workflow:
    workflowVersion: 1.0.0
    speakeasyVersion: latest
    sources:
        my-source:
            inputs:
                - location: https://raw.githubusercontent.com/ding-live/openapi/main/ding.yaml
            registry:
                location: registry.speakeasyapi.dev/ding/ding/my-source
    targets:
        ding_sdk:
            target: ruby
            source: my-source
            publish:
                rubygems:
                    token: $RUBYGEMS_AUTH_TOKEN
            codeSamples:
                registry:
                    location: registry.speakeasyapi.dev/ding/ding/my-source-code-samples
                blocking: false
