speakeasyVersion: 1.533.0
sources:
    my-source:
        sourceNamespace: my-source
        sourceRevisionDigest: sha256:8f8d689a4477567368b183762f63593d9d41cfd2c2760816992c91e0c4449540
        sourceBlobDigest: sha256:5469247c37c3ea55c30894f2359664f14b85530dadc22c1f7ed75013bc71f010
        tags:
            - latest
            - speakeasy-sdk-regen-1758586854
            - 1.0.0
targets:
    ding_sdk:
        source: my-source
        sourceNamespace: my-source
        sourceRevisionDigest: sha256:8f8d689a4477567368b183762f63593d9d41cfd2c2760816992c91e0c4449540
        sourceBlobDigest: sha256:5469247c37c3ea55c30894f2359664f14b85530dadc22c1f7ed75013bc71f010
        codeSamplesNamespace: my-source-ruby-code-samples
        codeSamplesRevisionDigest: sha256:78631201735eb58f7b2d747ff6949bbfb6548be7da331d1e4d469b8a4289f4ab
workflow:
    workflowVersion: 1.0.0
    speakeasyVersion: latest
    sources:
        my-source:
            inputs:
                - location: https://raw.githubusercontent.com/ding-live/openapi/main/ding.yaml
            registry:
                location: registry.speakeasyapi.dev/ding/ding/my-source
    targets:
        ding_sdk:
            target: ruby
            source: my-source
            publish:
                rubygems:
                    token: $RUBYGEMS_AUTH_TOKEN
            codeSamples:
                registry:
                    location: registry.speakeasyapi.dev/ding/ding/my-source-ruby-code-samples
                blocking: false
